
Microsoft Visual Studio Solution File, Format Version 12.00
# Visual Studio Version 17
VisualStudioVersion = 17.5.002.0
MinimumVisualStudioVersion = 10.0.40219.1
Project("{9A19103F-16F7-4668-BE54-9A1E7A4F7556}") = "PokemanComparision", "PokemanComparision.csproj", "{56439D0C-60C9-4BF2-9F28-01E4F80D1D08}"
EndProject
Global
	GlobalSection(SolutionConfigurationPlatforms) = preSolution
		Debug|Any CPU = Debug|Any CPU
		Release|Any CPU = Release|Any CPU
	EndGlobalSection
	GlobalSection(ProjectConfigurationPlatforms) = postSolution
		{56439D0C-60C9-4BF2-9F28-01E4F80D1D08}.Debug|Any CPU.ActiveCfg = Debug|Any CPU
		{56439D0C-60C9-4BF2-9F28-01E4F80D1D08}.Debug|Any CPU.Build.0 = Debug|Any CPU
		{56439D0C-60C9-4BF2-9F28-01E4F80D1D08}.Release|Any CPU.ActiveCfg = Release|Any CPU
		{56439D0C-60C9-4BF2-9F28-01E4F80D1D08}.Release|Any CPU.Build.0 = Release|Any CPU
	EndGlobalSection
	GlobalSection(SolutionProperties) = preSolution
		HideSolutionNode = FALSE
	EndGlobalSection
	GlobalSection(ExtensibilityGlobals) = postSolution
		SolutionGuid = {F6455F3F-A78C-43A4-B847-F060695B65B5}
	EndGlobalSection
EndGlobal
